
Microsoft Visual Studio Solution File, Format Version 12.00
# Visual Studio Version 17
VisualStudioVersion = 17.0.31919.166
MinimumVisualStudioVersion = 10.0.40219.1
Project("{FAE04EC0-301F-11D3-BF4B-00C04F79EFBC}") = "Data-Structures-And-Algorithm", "Data-Structures-And-Algorithm\Data-Structures-And-Algorithm.csproj", "{95E42D81-870E-4AF5-A034-A08D848A347C}"
EndProject
Global
	GlobalSection(SolutionConfigurationPlatforms) = preSolution
		Debug|Any CPU = Debug|Any CPU
		Release|Any CPU = Release|Any CPU
	EndGlobalSection
	GlobalSection(ProjectConfigurationPlatforms) = postSolution
		{95E42D81-870E-4AF5-A034-A08D848A347C}.Debug|Any CPU.ActiveCfg = Debug|Any CPU
		{95E42D81-870E-4AF5-A034-A08D848A347C}.Debug|Any CPU.Build.0 = Debug|Any CPU
		{95E42D81-870E-4AF5-A034-A08D848A347C}.Release|Any CPU.ActiveCfg = Release|Any CPU
		{95E42D81-870E-4AF5-A034-A08D848A347C}.Release|Any CPU.Build.0 = Release|Any CPU
	EndGlobalSection
	GlobalSection(SolutionProperties) = preSolution
		HideSolutionNode = FALSE
	EndGlobalSection
	GlobalSection(ExtensibilityGlobals) = postSolution
		SolutionGuid = {E4B04424-774A-47BD-84F5-96B0AE3E8B3F}
	EndGlobalSection
EndGlobal
